// !$*UTF8*$!
{
	archiveVersion = 1;
	classes = {
	};
	objectVersion = 46;
	objects = {

/* Begin PBXBuildFile section */
		20B98EED1C01CFFD00457BBD /* main.m in Sources */ = {isa = PBXBuildFile; fileRef = 20B98EEC1C01CFFD00457BBD /* main.m */; };
		20B98EF01C01CFFD00457BBD /* AppDelegate.m in Sources */ = {isa = PBXBuildFile; fileRef = 20B98EEF1C01CFFD00457BBD /* AppDelegate.m */; };
		20B98EF31C01CFFD00457BBD /* ViewController.m in Sources */ = {isa = PBXBuildFile; fileRef = 20B98EF21C01CFFD00457BBD /* ViewController.m */; };
		20B98EF61C01CFFD00457BBD /* Main.storyboard in Resources */ = {isa = PBXBuildFile; fileRef = 20B98EF41C01CFFD00457BBD /* Main.storyboard */; };
		20B98EF81C01CFFD00457BBD /* Assets.xcassets in Resources */ = {isa = PBXBuildFile; fileRef = 20B98EF71C01CFFD00457BBD /* Assets.xcassets */; };
		20B98EFB1C01CFFD00457BBD /* LaunchScreen.storyboard in Resources */ = {isa = PBXBuildFile; fileRef = 20B98EF91C01CFFD00457BBD /* LaunchScreen.storyboard */; };
		20B98F061C01CFFD00457BBD /* SunMicromobileTests.m in Sources */ = {isa = PBXBuildFile; fileRef = 20B98F051C01CFFD00457BBD /* SunMicromobileTests.m */; };
		20B98F111C01CFFD00457BBD /* SunMicromobileUITests.m in Sources */ = {isa = PBXBuildFile; fileRef = 20B98F101C01CFFD00457BBD /* SunMicromobileUITests.m */; };
/* End PBXBuildFile section */

/* Begin PBXContainerItemProxy section */
		20B98F021C01CFFD00457BBD /* PBXContainerItemProxy */ = {
			isa = PBXContainerItemProxy;
			containerPortal = 20B98EE01C01CFFD00457BBD /* Project object */;
			proxyType = 1;
			remoteGlobalIDString = 20B98EE71C01CFFD00457BBD;
			remoteInfo = SunMicromobile;
		};
		20B98F0D1C01CFFD00457BBD /* PBXContainerItemProxy */ = {
			isa = PBXContainerItemProxy;
			containerPortal = 20B98EE01C01CFFD00457BBD /* Project object */;
			proxyType = 1;
			remoteGlobalIDString = 20B98EE71C01CFFD00457BBD;
			remoteInfo = SunMicromobile;
		};
/* End PBXContainerItemProxy section */

/* Begin PBXFileReference section */
		20B98EE81C01CFFD00457BBD /* SunMicromobile.app */ = {isa = PBXFileReference; explicitFileType = wrapper.application; includeInIndex = 0; path = SunMicromobile.app; sourceTree = BUILT_PRODUCTS_DIR; };
		20B98EEC1C01CFFD00457BBD /* main.m */ = {isa = PBXFileReference; lastKnownFileType = sourcecode.c.objc; path = main.m; sourceTree = "<group>"; };
		20B98EEE1C01CFFD00457BBD /* AppDelegate.h */ = {isa = PBXFileReference; lastKnownFileType = sourcecode.c.h; path = AppDelegate.h; sourceTree = "<group>"; };
		20B98EEF1C01CFFD00457BBD /* AppDelegate.m */ = {isa = PBXFileReference; lastKnownFileType = sourcecode.c.objc; path = AppDelegate.m; sourceTree = "<group>"; };
		20B98EF11C01CFFD00457BBD /* ViewController.h */ = {isa = PBXFileReference; lastKnownFileType = sourcecode.c.h; path = ViewController.h; sourceTree = "<group>"; };
		20B98EF21C01CFFD00457BBD /* ViewController.m */ = {isa = PBXFileReference; lastKnownFileType = sourcecode.c.objc; path = ViewController.m; sourceTree = "<group>"; };
		20B98EF51C01CFFD00457BBD /* Base */ = {isa = PBXFileReference; lastKnownFileType = file.storyboard; name = Base; path = Base.lproj/Main.storyboard; sourceTree = "<group>"; };
		20B98EF71C01CFFD00457BBD /* Assets.xcassets */ = {isa = PBXFileReference; lastKnownFileType = folder.assetcatalog; path = Assets.xcassets; sourceTree = "<group>"; };
		20B98EFA1C01CFFD00457BBD /* Base */ = {isa = PBXFileReference; lastKnownFileType = file.storyboard; name = Base; path = Base.lproj/LaunchScreen.storyboard; sourceTree = "<group>"; };
		20B98EFC1C01CFFD00457BBD /* Info.plist */ = {isa = PBXFileReference; lastKnownFileType = text.plist.xml; path = Info.plist; sourceTree = "<group>"; };
		20B98F011C01CFFD00457BBD /* SunMicromobileTests.xctest */ = {isa = PBXFileReference; explicitFileType = wrapper.cfbundle; includeInIndex = 0; path = SunMicromobileTests.xctest; sourceTree = BUILT_PRODUCTS_DIR; };
		20B98F051C01CFFD00457BBD /* SunMicromobileTests.m */ = {isa = PBXFileReference; lastKnownFileType = sourcecode.c.objc; path = SunMicromobileTests.m; sourceTree = "<group>"; };
		20B98F071C01CFFD00457BBD /* Info.plist */ = {isa = PBXFileReference; lastKnownFileType = text.plist.xml; path = Info.plist; sourceTree = "<group>"; };
		20B98F0C1C01CFFD00457BBD /* SunMicromobileUITests.xctest */ = {isa = PBXFileReference; explicitFileType = wrapper.cfbundle; includeInIndex = 0; path = SunMicromobileUITests.xctest; sourceTree = BUILT_PRODUCTS_DIR; };
		20B98F101C01CFFD00457BBD /* SunMicromobileUITests.m */ = {isa = PBXFileReference; lastKnownFileType = sourcecode.c.objc; path = SunMicromobileUITests.m; sourceTree = "<group>"; };
		20B98F121C01CFFD00457BBD /* Info.plist */ = {isa = PBXFileReference; lastKnownFileType = text.plist.xml; path = Info.plist; sourceTree = "<group>"; };
/* End PBXFileReference section */

/* Begin PBXFrameworksBuildPhase section */
		20B98EE51C01CFFD00457BBD /* Frameworks */ = {
			isa = PBXFrameworksBuildPhase;
			buildActionMask = 2147483647;
			files = (
			);
			runOnlyForDeploymentPostprocessing = 0;
		};
		20B98EFE1C01CFFD00457BBD /* Frameworks */ = {
			isa = PBXFrameworksBuildPhase;
			buildActionMask = 2147483647;
			files = (
			);
			runOnlyForDeploymentPostprocessing = 0;
		};
		20B98F091C01CFFD00457BBD /* Frameworks */ = {
			isa = PBXFrameworksBuildPhase;
			buildActionMask = 2147483647;
			files = (
			);
			runOnlyForDeploymentPostprocessing = 0;
		};
/* End PBXFrameworksBuildPhase section */

/* Begin PBXGroup section */
		20B98EDF1C01CFFD00457BBD = {
			isa = PBXGroup;
			children = (
				20B98EEA1C01CFFD00457BBD /* SunMicromobile */,
				20B98F041C01CFFD00457BBD /* SunMicromobileTests */,
				20B98F0F1C01CFFD00457BBD /* SunMicromobileUITests */,
				20B98EE91C01CFFD00457BBD /* Products */,
			);
			sourceTree = "<group>";
		};
		20B98EE91C01CFFD00457BBD /* Products */ = {
			isa = PBXGroup;
			children = (
				20B98EE81C01CFFD00457BBD /* SunMicromobile.app */,
				20B98F011C01CFFD00457BBD /* SunMicromobileTests.xctest */,
				20B98F0C1C01CFFD00457BBD /* SunMicromobileUITests.xctest */,
			);
			name = Products;
			sourceTree = "<group>";
		};
		20B98EEA1C01CFFD00457BBD /* SunMicromobile */ = {
			isa = PBXGroup;
			children = (
				20B98EEE1C01CFFD00457BBD /* AppDelegate.h */,
				20B98EEF1C01CFFD00457BBD /* AppDelegate.m */,
				20B98EF11C01CFFD00457BBD /* ViewController.h */,
				20B98EF21C01CFFD00457BBD /* ViewController.m */,
				20B98EF41C01CFFD00457BBD /* Main.storyboard */,
				20B98EF71C01CFFD00457BBD /* Assets.xcassets */,
				20B98EF91C01CFFD00457BBD /* LaunchScreen.storyboard */,
				20B98EFC1C01CFFD00457BBD /* Info.plist */,
				20B98EEB1C01CFFD00457BBD /* Supporting Files */,
			);
			path = SunMicromobile;
			sourceTree = "<group>";
		};
		20B98EEB1C01CFFD00457BBD /* Supporting Files */ = {
			isa = PBXGroup;
			children = (
				20B98EEC1C01CFFD00457BBD /* main.m */,
			);
			name = "Supporting Files";
			sourceTree = "<group>";
		};
		20B98F041C01CFFD00457BBD /* SunMicromobileTests */ = {
			isa = PBXGroup;
			children = (
				20B98F051C01CFFD00457BBD /* SunMicromobileTests.m */,
				20B98F071C01CFFD00457BBD /* Info.plist */,
			);
			path = SunMicromobileTests;
			sourceTree = "<group>";
		};
		20B98F0F1C01CFFD00457BBD /* SunMicromobileUITests */ = {
			isa = PBXGroup;
			children = (
				20B98F101C01CFFD00457BBD /* SunMicromobileUITests.m */,
				20B98F121C01CFFD00457BBD /* Info.plist */,
			);
			path = SunMicromobileUITests;
			sourceTree = "<group>";
		};
/* End PBXGroup section */

/* Begin PBXNativeTarget section */
		20B98EE71C01CFFD00457BBD /* SunMicromobile */ = {
			isa = PBXNativeTarget;
			buildConfigurationList = 20B98F151C01CFFD00457BBD /* Build configuration list for PBXNativeTarget "SunMicromobile" */;
			buildPhases = (
				20B98EE41C01CFFD00457BBD /* Sources */,
				20B98EE51C01CFFD00457BBD /* Frameworks */,
				20B98EE61C01CFFD00457BBD /* Resources */,
			);
			buildRules = (
			);
			dependencies = (
			);
			name = SunMicromobile;
			productName = SunMicromobile;
			productReference = 20B98EE81C01CFFD00457BBD /* SunMicromobile.app */;
			productType = "com.apple.product-type.application";
		};
		20B98F001C01CFFD00457BBD /* SunMicromobileTests */ = {
			isa = PBXNativeTarget;
			buildConfigurationList = 20B98F181C01CFFD00457BBD /* Build configuration list for PBXNativeTarget "SunMicromobileTests" */;
			buildPhases = (
				20B98EFD1C01CFFD00457BBD /* Sources */,
				20B98EFE1C01CFFD00457BBD /* Frameworks */,
				20B98EFF1C01CFFD00457BBD /* Resources */,
			);
			buildRules = (
			);
			dependencies = (
				20B98F031C01CFFD00457BBD /* PBXTargetDependency */,
			);
			name = SunMicromobileTests;
			productName = SunMicromobileTests;
			productReference = 20B98F011C01CFFD00457BBD /* SunMicromobileTests.xctest */;
			productType = "com.apple.product-type.bundle.unit-test";
		};
		20B98F0B1C01CFFD00457BBD /* SunMicromobileUITests */ = {
			isa = PBXNativeTarget;
			buildConfigurationList = 20B98F1B1C01CFFD00457BBD /* Build configuration list for PBXNativeTarget "SunMicromobileUITests" */;
			buildPhases = (
				20B98F081C01CFFD00457BBD /* Sources */,
				20B98F091C01CFFD00457BBD /* Frameworks */,
				20B98F0A1C01CFFD00457BBD /* Resources */,
			);
			buildRules = (
			);
			dependencies = (
				20B98F0E1C01CFFD00457BBD /* PBXTargetDependency */,
			);
			name = SunMicromobileUITests;
			productName = SunMicromobileUITests;
			productReference = 20B98F0C1C01CFFD00457BBD /* SunMicromobileUITests.xctest */;
			productType = "com.apple.product-type.bundle.ui-testing";
		};
/* End PBXNativeTarget section */

/* Begin PBXProject section */
		20B98EE01C01CFFD00457BBD /* Project object */ = {
			isa = PBXProject;
			attributes = {
				LastUpgradeCheck = 0710;
				ORGANIZATIONNAME = Evan;
				TargetAttributes = {
					20B98EE71C01CFFD00457BBD = {
						CreatedOnToolsVersion = 7.1;
					};
					20B98F001C01CFFD00457BBD = {
						CreatedOnToolsVersion = 7.1;
						TestTargetID = 20B98EE71C01CFFD00457BBD;
					};
					20B98F0B1C01CFFD00457BBD = {
						CreatedOnToolsVersion = 7.1;
						TestTargetID = 20B98EE71C01CFFD00457BBD;
					};
				};
			};
			buildConfigurationList = 20B98EE31C01CFFD00457BBD /* Build configuration list for PBXProject "SunMicromobile" */;
			compatibilityVersion = "Xcode 3.2";
			developmentRegion = English;
			hasScannedForEncodings = 0;
			knownRegions = (
				en,
				Base,
			);
			mainGroup = 20B98EDF1C01CFFD00457BBD;
			productRefGroup = 20B98EE91C01CFFD00457BBD /* Products */;
			projectDirPath = "";
			projectRoot = "";
			targets = (
				20B98EE71C01CFFD00457BBD /* SunMicromobile */,
				20B98F001C01CFFD00457BBD /* SunMicromobileTests */,
				20B98F0B1C01CFFD00457BBD /* SunMicromobileUITests */,
			);
		};
/* End PBXProject section */

/* Begin PBXResourcesBuildPhase section */
		20B98EE61C01CFFD00457BBD /* Resources */ = {
			isa = PBXResourcesBuildPhase;
			buildActionMask = 2147483647;
			files = (
				20B98EFB1C01CFFD00457BBD /* LaunchScreen.storyboard in Resources */,
				20B98EF81C01CFFD00457BBD /* Assets.xcassets in Resources */,
				20B98EF61C01CFFD00457BBD /* Main.storyboard in Resources */,
			);
			runOnlyForDeploymentPostprocessing = 0;
		};
		20B98EFF1C01CFFD00457BBD /* Resources */ = {
			isa = PBXResourcesBuildPhase;
			buildActionMask = 2147483647;
			files = (
			);
			runOnlyForDeploymentPostprocessing = 0;
		};
		20B98F0A1C01CFFD00457BBD /* Resources */ = {
			isa = PBXResourcesBuildPhase;
			buildActionMask = 2147483647;
			files = (
			);
			runOnlyForDeploymentPostprocessing = 0;
		};
/* End PBXResourcesBuildPhase section */

/* Begin PBXSourcesBuildPhase section */
		20B98EE41C01CFFD00457BBD /* Sources */ = {
			isa = PBXSourcesBuildPhase;
			buildActionMask = 2147483647;
			files = (
				20B98EF31C01CFFD00457BBD /* ViewController.m in Sources */,
				20B98EF01C01CFFD00457BBD /* AppDelegate.m in Sources */,
				20B98EED1C01CFFD00457BBD /* main.m in Sources */,
			);
			runOnlyForDeploymentPostprocessing = 0;
		};
		20B98EFD1C01CFFD00457BBD /* Sources */ = {
			isa = PBXSourcesBuildPhase;
			buildActionMask = 2147483647;
			files = (
				20B98F061C01CFFD00457BBD /* SunMicromobileTests.m in Sources */,
			);
			runOnlyForDeploymentPostprocessing = 0;
		};
		20B98F081C01CFFD00457BBD /* Sources */ = {
			isa = PBXSourcesBuildPhase;
			buildActionMask = 2147483647;
			files = (
				20B98F111C01CFFD00457BBD /* SunMicromobileUITests.m in Sources */,
			);
			runOnlyForDeploymentPostprocessing = 0;
		};
/* End PBXSourcesBuildPhase section */

/* Begin PBXTargetDependency section */
		20B98F031C01CFFD00457BBD /* PBXTargetDependency */ = {
			isa = PBXTargetDependency;
			target = 20B98EE71C01CFFD00457BBD /* SunMicromobile */;
			targetProxy = 20B98F021C01CFFD00457BBD /* PBXContainerItemProxy */;
		};
		20B98F0E1C01CFFD00457BBD /* PBXTargetDependency */ = {
			isa = PBXTargetDependency;
			target = 20B98EE71C01CFFD00457BBD /* SunMicromobile */;
			targetProxy = 20B98F0D1C01CFFD00457BBD /* PBXContainerItemProxy */;
		};
/* End PBXTargetDependency section */

/* Begin PBXVariantGroup section */
		20B98EF41C01CFFD00457BBD /* Main.storyboard */ = {
			isa = PBXVariantGroup;
			children = (
				20B98EF51C01CFFD00457BBD /* Base */,
			);
			name = Main.storyboard;
			sourceTree = "<group>";
		};
		20B98EF91C01CFFD00457BBD /* LaunchScreen.storyboard */ = {
			isa = PBXVariantGroup;
			children = (
				20B98EFA1C01CFFD00457BBD /* Base */,
			);
			name = LaunchScreen.storyboard;
			sourceTree = "<group>";
		};
/* End PBXVariantGroup section */

/* Begin XCBuildConfiguration section */
		20B98F131C01CFFD00457BBD /* Debug */ = {
			isa = XCBuildConfiguration;
			buildSettings = {
				ALWAYS_SEARCH_USER_PATHS = NO;
				CLANG_CXX_LANGUAGE_STANDARD = "gnu++0x";
				CLANG_CXX_LIBRARY = "libc++";
				CLANG_ENABLE_MODULES = YES;
				CLANG_ENABLE_OBJC_ARC = YES;
				CLANG_WARN_BOOL_CONVERSION = YES;
				CLANG_WARN_CONSTANT_CONVERSION = YES;
				CLANG_WARN_DIRECT_OBJC_ISA_USAGE = YES_ERROR;
				CLANG_WARN_EMPTY_BODY = YES;
				CLANG_WARN_ENUM_CONVERSION = YES;
				CLANG_WARN_INT_CONVERSION = YES;
				CLANG_WARN_OBJC_ROOT_CLASS = YES_ERROR;
				CLANG_WARN_UNREACHABLE_CODE = YES;
				CLANG_WARN__DUPLICATE_METHOD_MATCH = YES;
				"CODE_SIGN_IDENTITY[sdk=iphoneos*]" = "iPhone Developer";
				COPY_PHASE_STRIP = NO;
				DEBUG_INFORMATION_FORMAT = dwarf;
				ENABLE_STRICT_OBJC_MSGSEND = YES;
				ENABLE_TESTABILITY = YES;
				GCC_C_LANGUAGE_STANDARD = gnu99;
				GCC_DYNAMIC_NO_PIC = NO;
				GCC_NO_COMMON_BLOCKS = YES;
				GCC_OPTIMIZATION_LEVEL = 0;
				GCC_PREPROCESSOR_DEFINITIONS = (
					"DEBUG=1",
					"$(inherited)",
				);
				GCC_WARN_64_TO_32_BIT_CONVERSION = YES;
				GCC_WARN_ABOUT_RETURN_TYPE = YES_ERROR;
				GCC_WARN_UNDECLARED_SELECTOR = YES;
				GCC_WARN_UNINITIALIZED_AUTOS = YES_AGGRESSIVE;
				GCC_WARN_UNUSED_FUNCTION = YES;
				GCC_WARN_UNUSED_VARIABLE = YES;
				IPHONEOS_DEPLOYMENT_TARGET = 9.1;
				MTL_ENABLE_DEBUG_INFO = YES;
				ONLY_ACTIVE_ARCH = YES;
				SDKROOT = iphoneos;
			};
			name = Debug;
		};
		20B98F141C01CFFD00457BBD /* Release */ = {
			isa = XCBuildConfiguration;
			buildSettings = {
				ALWAYS_SEARCH_USER_PATHS = NO;
				CLANG_CXX_LANGUAGE_STANDARD = "gnu++0x";
				CLANG_CXX_LIBRARY = "libc++";
				CLANG_ENABLE_MODULES = YES;
				CLANG_ENABLE_OBJC_ARC = YES;
				CLANG_WARN_BOOL_CONVERSION = YES;
				CLANG_WARN_CONSTANT_CONVERSION = YES;
				CLANG_WARN_DIRECT_OBJC_ISA_USAGE = YES_ERROR;
				CLANG_WARN_EMPTY_BODY = YES;
				CLANG_WARN_ENUM_CONVERSION = YES;
				CLANG_WARN_INT_CONVERSION = YES;
				CLANG_WARN_OBJC_ROOT_CLASS = YES_ERROR;
				CLANG_WARN_UNREACHABLE_CODE = YES;
				CLANG_WARN__DUPLICATE_METHOD_MATCH = YES;
				"CODE_SIGN_IDENTITY[sdk=iphoneos*]" = "iPhone Developer";
				COPY_PHASE_STRIP = NO;
				DEBUG_INFORMATION_FORMAT = "dwarf-with-dsym";
				ENABLE_NS_ASSERTIONS = NO;
				ENABLE_STRICT_OBJC_MSGSEND = YES;
				GCC_C_LANGUAGE_STANDARD = gnu99;
				GCC_NO_COMMON_BLOCKS = YES;
				GCC_WARN_64_TO_32_BIT_CONVERSION = YES;
				GCC_WARN_ABOUT_RETURN_TYPE = YES_ERROR;
				GCC_WARN_UNDECLARED_SELECTOR = YES;
				GCC_WARN_UNINITIALIZED_AUTOS = YES_AGGRESSIVE;
				GCC_WARN_UNUSED_FUNCTION = YES;
				GCC_WARN_UNUSED_VARIABLE = YES;
				IPHONEOS_DEPLOYMENT_TARGET = 9.1;
				MTL_ENABLE_DEBUG_INFO = NO;
				SDKROOT = iphoneos;
				VALIDATE_PRODUCT = YES;
			};
			name = Release;
		};
		20B98F161C01CFFD00457BBD /* Debug */ = {
			isa = XCBuildConfiguration;
			buildSettings = {
				ASSETCATALOG_COMPILER_APPICON_NAME = AppIcon;
				INFOPLIST_FILE = SunMicromobile/Info.plist;
				LD_RUNPATH_SEARCH_PATHS = "$(inherited) @executable_path/Frameworks";
				PRODUCT_BUNDLE_IDENTIFIER = com.sunontalent.SunMicromobile;
				PRODUCT_NAME = "$(TARGET_NAME)";
			};
			name = Debug;
		};
		20B98F171C01CFFD00457BBD /* Release */ = {
			isa = XCBuildConfiguration;
			buildSettings = {
				ASSETCATALOG_COMPILER_APPICON_NAME = AppIcon;
				INFOPLIST_FILE = SunMicromobile/Info.plist;
				LD_RUNPATH_SEARCH_PATHS = "$(inherited) @executable_path/Frameworks";
				PRODUCT_BUNDLE_IDENTIFIER = com.sunontalent.SunMicromobile;
				PRODUCT_NAME = "$(TARGET_NAME)";
			};
			name = Release;
		};
		20B98F191C01CFFD00457BBD /* Debug */ = {
			isa = XCBuildConfiguration;
			buildSettings = {
				BUNDLE_LOADER = "$(TEST_HOST)";
				INFOPLIST_FILE = SunMicromobileTests/Info.plist;
				LD_RUNPATH_SEARCH_PATHS = "$(inherited) @executable_path/Frameworks @loader_path/Frameworks";
				PRODUCT_BUNDLE_IDENTIFIER = com.sunontalent.SunMicromobileTests;
				PRODUCT_NAME = "$(TARGET_NAME)";
				TEST_HOST = "$(BUILT_PRODUCTS_DIR)/SunMicromobile.app/SunMicromobile";
			};
			name = Debug;
		};
		20B98F1A1C01CFFD00457BBD /* Release */ = {
			isa = XCBuildConfiguration;
			buildSettings = {
				BUNDLE_LOADER = "$(TEST_HOST)";
				INFOPLIST_FILE = SunMicromobileTests/Info.plist;
				LD_RUNPATH_SEARCH_PATHS = "$(inherited) @executable_path/Frameworks @loader_path/Frameworks";
				PRODUCT_BUNDLE_IDENTIFIER = com.sunontalent.SunMicromobileTests;
				PRODUCT_NAME = "$(TARGET_NAME)";
				TEST_HOST = "$(BUILT_PRODUCTS_DIR)/SunMicromobile.app/SunMicromobile";
			};
			name = Release;
		};
		20B98F1C1C01CFFD00457BBD /* Debug */ = {
			isa = XCBuildConfiguration;
			buildSettings = {
				INFOPLIST_FILE = SunMicromobileUITests/Info.plist;
				LD_RUNPATH_SEARCH_PATHS = "$(inherited) @executable_path/Frameworks @loader_path/Frameworks";
				PRODUCT_BUNDLE_IDENTIFIER = com.sunontalent.SunMicromobileUITests;
				PRODUCT_NAME = "$(TARGET_NAME)";
				TEST_TARGET_NAME = SunMicromobile;
				USES_XCTRUNNER = YES;
			};
			name = Debug;
		};
		20B98F1D1C01CFFD00457BBD /* Release */ = {
			isa = XCBuildConfiguration;
			buildSettings = {
				INFOPLIST_FILE = SunMicromobileUITests/Info.plist;
				LD_RUNPATH_SEARCH_PATHS = "$(inherited) @executable_path/Frameworks @loader_path/Frameworks";
				PRODUCT_BUNDLE_IDENTIFIER = com.sunontalent.SunMicromobileUITests;
				PRODUCT_NAME = "$(TARGET_NAME)";
				TEST_TARGET_NAME = SunMicromobile;
				USES_XCTRUNNER = YES;
			};
			name = Release;
		};
/* End XCBuildConfiguration section */

/* Begin XCConfigurationList section */
		20B98EE31C01CFFD00457BBD /* Build configuration list for PBXProject "SunMicromobile" */ = {
			isa = XCConfigurationList;
			buildConfigurations = (
				20B98F131C01CFFD00457BBD /* Debug */,
				20B98F141C01CFFD00457BBD /* Release */,
			);
			defaultConfigurationIsVisible = 0;
			defaultConfigurationName = Release;
		};
		20B98F151C01CFFD00457BBD /* Build configuration list for PBXNativeTarget "SunMicromobile" */ = {
			isa = XCConfigurationList;
			buildConfigurations = (
				20B98F161C01CFFD00457BBD /* Debug */,
				20B98F171C01CFFD00457BBD /* Release */,
			);
			defaultConfigurationIsVisible = 0;
		};
		20B98F181C01CFFD00457BBD /* Build configuration list for PBXNativeTarget "SunMicromobileTests" */ = {
			isa = XCConfigurationList;
			buildConfigurations = (
				20B98F191C01CFFD00457BBD /* Debug */,
				20B98F1A1C01CFFD00457BBD /* Release */,
			);
			defaultConfigurationIsVisible = 0;
		};
		20B98F1B1C01CFFD00457BBD /* Build configuration list for PBXNativeTarget "SunMicromobileUITests" */ = {
			isa = XCConfigurationList;
			buildConfigurations = (
				20B98F1C1C01CFFD00457BBD /* Debug */,
				20B98F1D1C01CFFD00457BBD /* Release */,
			);
			defaultConfigurationIsVisible = 0;
		};
/* End XCConfigurationList section */
	};
	rootObject = 20B98EE01C01CFFD00457BBD /* Project object */;
}
